// !$*UTF8*$!
{
	archiveVersion = 1;
	classes = {
	};
	objectVersion = 56;
	objects = {

/* Begin PBXBuildFile section */
		5272D1632ADDA2C800887FD0 /* MyCustomTableViewCell.swift in Sources */ = {isa = PBXBuildFile; fileRef = 5272D1622ADDA2C800887FD0 /* MyCustomTableViewCell.swift */; };
		5272D1702ADE455D00887FD0 /* PostCollectionViewCell.swift in Sources */ = {isa = PBXBuildFile; fileRef = 5272D16E2ADE455D00887FD0 /* PostCollectionViewCell.swift */; };
		5272D1712ADE455D00887FD0 /* PostCell.xib in Resources */ = {isa = PBXBuildFile; fileRef = 5272D16F2ADE455D00887FD0 /* PostCell.xib */; };
		527D52DF2AD887350084C973 /* AgreeViewController.swift in Sources */ = {isa = PBXBuildFile; fileRef = 527D52DE2AD887350084C973 /* AgreeViewController.swift */; };
		52812F462ADBDBB5009B3BF4 /* HomeTableViewController.swift in Sources */ = {isa = PBXBuildFile; fileRef = 52812F452ADBDBB5009B3BF4 /* HomeTableViewController.swift */; };
		52812F4C2ADBDC9F009B3BF4 /* TableViewCell.swift in Sources */ = {isa = PBXBuildFile; fileRef = 52812F4A2ADBDC9F009B3BF4 /* TableViewCell.swift */; };
		52812F4D2ADBDC9F009B3BF4 /* TableViewCell.xib in Resources */ = {isa = PBXBuildFile; fileRef = 52812F4B2ADBDC9F009B3BF4 /* TableViewCell.xib */; };
		52812F502ADBDEB3009B3BF4 /* PilloweezCollectionViewCell.swift in Sources */ = {isa = PBXBuildFile; fileRef = 52812F4E2ADBDEB3009B3BF4 /* PilloweezCollectionViewCell.swift */; };
		52812F512ADBDEB3009B3BF4 /* PilloweezCollectionViewCell.xib in Resources */ = {isa = PBXBuildFile; fileRef = 52812F4F2ADBDEB3009B3BF4 /* PilloweezCollectionViewCell.xib */; };
		52812F542ADBDF0D009B3BF4 /* VerticalCollectionViewCell.swift in Sources */ = {isa = PBXBuildFile; fileRef = 52812F522ADBDF0D009B3BF4 /* VerticalCollectionViewCell.swift */; };
		52812F552ADBDF0D009B3BF4 /* VerticalCollectionViewCell.xib in Resources */ = {isa = PBXBuildFile; fileRef = 52812F532ADBDF0D009B3BF4 /* VerticalCollectionViewCell.xib */; };
		52A3360E2AB15B9A009D13E0 /* SettingsTableViewController.swift in Sources */ = {isa = PBXBuildFile; fileRef = 52A3360D2AB15B9A009D13E0 /* SettingsTableViewController.swift */; };
		52AA2B942AB0C30B001F72FB /* UnityFramework.framework in Embed Frameworks */ = {isa = PBXBuildFile; fileRef = 52AA2B922AB0C30B001F72FB /* UnityFramework.framework */; settings = {ATTRIBUTES = (CodeSignOnCopy, RemoveHeadersOnCopy, ); }; };
		52B7D6612ADC29B300A859E3 /* SDWebImage in Frameworks */ = {isa = PBXBuildFile; productRef = 52B7D6602ADC29B300A859E3 /* SDWebImage */; };
		52CE82952AE043DC007C93D4 /* Models.swift in Sources */ = {isa = PBXBuildFile; fileRef = 52CE82942AE043DC007C93D4 /* Models.swift */; };
		52D196622ADB44B000A86618 /* AuthorityViewController.swift in Sources */ = {isa = PBXBuildFile; fileRef = 52D196612ADB44B000A86618 /* AuthorityViewController.swift */; };
		8D0AEC662A8AF162000001CA /* DetailViewController.swift in Sources */ = {isa = PBXBuildFile; fileRef = 8D0AEC652A8AF162000001CA /* DetailViewController.swift */; };
		8D0AEC692A8C8EA7000001CA /* PanModal in Frameworks */ = {isa = PBXBuildFile; productRef = 8D0AEC682A8C8EA7000001CA /* PanModal */; };
		8D0AEC6B2A8C96A0000001CA /* MyTableVC.swift in Sources */ = {isa = PBXBuildFile; fileRef = 8D0AEC6A2A8C969F000001CA /* MyTableVC.swift */; };
		8D0BD0BA2A83809A00156C26 /* SignUpViewController.swift in Sources */ = {isa = PBXBuildFile; fileRef = 8D0BD0B92A83809A00156C26 /* SignUpViewController.swift */; };
		8D0BD0BC2A8380CB00156C26 /* LoginViewController.swift in Sources */ = {isa = PBXBuildFile; fileRef = 8D0BD0BB2A8380CB00156C26 /* LoginViewController.swift */; };
		8D0BD0C42A8385E500156C26 /* UserViewController.swift in Sources */ = {isa = PBXBuildFile; fileRef = 8D0BD0C32A8385E500156C26 /* UserViewController.swift */; };
		8D0BD0C62A8385F200156C26 /* EmailViewController.swift in Sources */ = {isa = PBXBuildFile; fileRef = 8D0BD0C52A8385F200156C26 /* EmailViewController.swift */; };
		8D0BD0C82A83860E00156C26 /* PasswordViewController.swift in Sources */ = {isa = PBXBuildFile; fileRef = 8D0BD0C72A83860E00156C26 /* PasswordViewController.swift */; };
		8D3C27632A838F4300FE6856 /* GoogleService-Info.plist in Resources */ = {isa = PBXBuildFile; fileRef = 8D3C27622A838F4300FE6856 /* GoogleService-Info.plist */; };
		8D3C27682A83F26500FE6856 /* VertifyViewController.swift in Sources */ = {isa = PBXBuildFile; fileRef = 8D3C27672A83F26500FE6856 /* VertifyViewController.swift */; };
		8D8CBFBC2A862BC000FA9EF0 /* Main.storyboard in Resources */ = {isa = PBXBuildFile; fileRef = 8D8CBFBB2A862BC000FA9EF0 /* Main.storyboard */; };
		8D8CBFC22A8641B300FA9EF0 /* Home.storyboard in Resources */ = {isa = PBXBuildFile; fileRef = 8D8CBFC12A8641B300FA9EF0 /* Home.storyboard */; };
		8D8CBFC42A8641C600FA9EF0 /* Mypage.storyboard in Resources */ = {isa = PBXBuildFile; fileRef = 8D8CBFC32A8641C600FA9EF0 /* Mypage.storyboard */; };
		8D8CBFC62A86432900FA9EF0 /* Studio.storyboard in Resources */ = {isa = PBXBuildFile; fileRef = 8D8CBFC52A86432900FA9EF0 /* Studio.storyboard */; };
		8DB5181E2A821E5A0045B24B /* AppDelegate.swift in Sources */ = {isa = PBXBuildFile; fileRef = 8DB5181D2A821E5A0045B24B /* AppDelegate.swift */; };
		8DB518202A821E5A0045B24B /* SceneDelegate.swift in Sources */ = {isa = PBXBuildFile; fileRef = 8DB5181F2A821E5A0045B24B /* SceneDelegate.swift */; };
		8DB518222A821E5A0045B24B /* ViewController.swift in Sources */ = {isa = PBXBuildFile; fileRef = 8DB518212A821E5A0045B24B /* ViewController.swift */; };
		8DB518252A821E5A0045B24B /* Register.storyboard in Resources */ = {isa = PBXBuildFile; fileRef = 8DB518232A821E5A0045B24B /* Register.storyboard */; };
		8DB518272A821E5C0045B24B /* Assets.xcassets in Resources */ = {isa = PBXBuildFile; fileRef = 8DB518262A821E5C0045B24B /* Assets.xcassets */; };
		8DB5182A2A821E5C0045B24B /* LaunchScreen.storyboard in Resources */ = {isa = PBXBuildFile; fileRef = 8DB518282A821E5C0045B24B /* LaunchScreen.storyboard */; };
		8DB518352A821E5C0045B24B /* purplepillow_lastTests.swift in Sources */ = {isa = PBXBuildFile; fileRef = 8DB518342A821E5C0045B24B /* purplepillow_lastTests.swift */; };
		8DB5183F2A821E5C0045B24B /* purplepillow_lastUITests.swift in Sources */ = {isa = PBXBuildFile; fileRef = 8DB5183E2A821E5C0045B24B /* purplepillow_lastUITests.swift */; };
		8DB518412A821E5C0045B24B /* purplepillow_lastUITestsLaunchTests.swift in Sources */ = {isa = PBXBuildFile; fileRef = 8DB518402A821E5C0045B24B /* purplepillow_lastUITestsLaunchTests.swift */; };
		8DC652AB2A973F8F0062C963 /* HomeViewController.swift in Sources */ = {isa = PBXBuildFile; fileRef = 8DC652AA2A973F8F0062C963 /* HomeViewController.swift */; };
		8DC652AD2A9743C00062C963 /* ProfileViewController.swift in Sources */ = {isa = PBXBuildFile; fileRef = 8DC652AC2A9743C00062C963 /* ProfileViewController.swift */; };
		8DD7BB4D2A990E78000FA7D4 /* FirebaseAppCheck in Frameworks */ = {isa = PBXBuildFile; productRef = 8DD7BB4C2A990E78000FA7D4 /* FirebaseAppCheck */; };
		8DD7BB4F2A990E78000FA7D4 /* FirebaseAuth in Frameworks */ = {isa = PBXBuildFile; productRef = 8DD7BB4E2A990E78000FA7D4 /* FirebaseAuth */; };
		8DD7BB512A990E78000FA7D4 /* FirebaseDatabase in Frameworks */ = {isa = PBXBuildFile; productRef = 8DD7BB502A990E78000FA7D4 /* FirebaseDatabase */; };
		8DD7BB532A990E78000FA7D4 /* FirebaseDatabaseSwift in Frameworks */ = {isa = PBXBuildFile; productRef = 8DD7BB522A990E78000FA7D4 /* FirebaseDatabaseSwift */; };
		8DD7BB552A990E78000FA7D4 /* FirebaseFirestore in Frameworks */ = {isa = PBXBuildFile; productRef = 8DD7BB542A990E78000FA7D4 /* FirebaseFirestore */; };
		8DD7BB572A990E78000FA7D4 /* FirebaseFirestoreSwift in Frameworks */ = {isa = PBXBuildFile; productRef = 8DD7BB562A990E78000FA7D4 /* FirebaseFirestoreSwift */; };
		8DD7BB592A9910CA000FA7D4 /* FirebaseStorage in Frameworks */ = {isa = PBXBuildFile; productRef = 8DD7BB582A9910CA000FA7D4 /* FirebaseStorage */; };
		8DD7BB622A9DF0BC000FA7D4 /* ContentView.swift in Sources */ = {isa = PBXBuildFile; fileRef = 8DD7BB612A9DF0BC000FA7D4 /* ContentView.swift */; };
		8DD7BB642A9DF122000FA7D4 /* StudioViewController.swift in Sources */ = {isa = PBXBuildFile; fileRef = 8DD7BB632A9DF122000FA7D4 /* StudioViewController.swift */; };
		8DD7BB662A9DF19C000FA7D4 /* Unity.swift in Sources */ = {isa = PBXBuildFile; fileRef = 8DD7BB652A9DF19C000FA7D4 /* Unity.swift */; };
		8DDF6CC82A865190008789C0 /* TitleViewController.swift in Sources */ = {isa = PBXBuildFile; fileRef = 8DDF6CC72A865190008789C0 /* TitleViewController.swift */; };
		8DDF6CCA2A865279008789C0 /* Group 863.png in Resources */ = {isa = PBXBuildFile; fileRef = 8DDF6CC92A865279008789C0 /* Group 863.png */; };
		8DDF6CCC2A870D6B008789C0 /* default_profile.png in Resources */ = {isa = PBXBuildFile; fileRef = 8DDF6CCB2A870D6B008789C0 /* default_profile.png */; };
		8DDF6CCE2A871002008789C0 /* RoundImageView.swift in Sources */ = {isa = PBXBuildFile; fileRef = 8DDF6CCD2A871002008789C0 /* RoundImageView.swift */; };
		8DEE27962A97460000B1EE65 /* UserProfile.swift in Sources */ = {isa = PBXBuildFile; fileRef = 8DEE27952A97460000B1EE65 /* UserProfile.swift */; };
		8DEE9CBD2A8A1F1E00309578 /* Post.swift in Sources */ = {isa = PBXBuildFile; fileRef = 8DEE9CBC2A8A1F1E00309578 /* Post.swift */; };
/* End PBXBuildFile section */

/* Begin PBXContainerItemProxy section */
		8DB518312A821E5C0045B24B /* PBXContainerItemProxy */ = {
			isa = PBXContainerItemProxy;
			containerPortal = 8DB518122A821E5A0045B24B /* Project object */;
			proxyType = 1;
			remoteGlobalIDString = 8DB518192A821E5A0045B24B;
			remoteInfo = purplepillow_last;
		};
		8DB5183B2A821E5C0045B24B /* PBXContainerItemProxy */ = {
			isa = PBXContainerItemProxy;
			containerPortal = 8DB518122A821E5A0045B24B /* Project object */;
			proxyType = 1;
			remoteGlobalIDString = 8DB518192A821E5A0045B24B;
			remoteInfo = purplepillow_last;
		};
/* End PBXContainerItemProxy section */

/* Begin PBXCopyFilesBuildPhase section */
		52AA2B952AB0C30B001F72FB /* Embed Frameworks */ = {
			isa = PBXCopyFilesBuildPhase;
			buildActionMask = 2147483647;
			dstPath = "";
			dstSubfolderSpec = 10;
			files = (
				52AA2B942AB0C30B001F72FB /* UnityFramework.framework in Embed Frameworks */,
			);
			name = "Embed Frameworks";
			runOnlyForDeploymentPostprocessing = 0;
		};
/* End PBXCopyFilesBuildPhase section */

/* Begin PBXFileReference section */
		5272D1622ADDA2C800887FD0 /* MyCustomTableViewCell.swift */ = {isa = PBXFileReference; lastKnownFileType = sourcecode.swift; path = MyCustomTableViewCell.swift; sourceTree = "<group>"; };
		5272D16E2ADE455D00887FD0 /* PostCollectionViewCell.swift */ = {isa = PBXFileReference; lastKnownFileType = sourcecode.swift; path = PostCollectionViewCell.swift; sourceTree = "<group>"; };
		5272D16F2ADE455D00887FD0 /* PostCell.xib */ = {isa = PBXFileReference; lastKnownFileType = file.xib; path = PostCell.xib; sourceTree = "<group>"; };
		527D52DE2AD887350084C973 /* AgreeViewController.swift */ = {isa = PBXFileReference; lastKnownFileType = sourcecode.swift; path = AgreeViewController.swift; sourceTree = "<group>"; };
		52812F452ADBDBB5009B3BF4 /* HomeTableViewController.swift */ = {isa = PBXFileReference; lastKnownFileType = sourcecode.swift; path = HomeTableViewController.swift; sourceTree = "<group>"; };
		52812F4A2ADBDC9F009B3BF4 /* TableViewCell.swift */ = {isa = PBXFileReference; lastKnownFileType = sourcecode.swift; path = TableViewCell.swift; sourceTree = "<group>"; };
		52812F4B2ADBDC9F009B3BF4 /* TableViewCell.xib */ = {isa = PBXFileReference; lastKnownFileType = file.xib; path = TableViewCell.xib; sourceTree = "<group>"; };
		52812F4E2ADBDEB3009B3BF4 /* PilloweezCollectionViewCell.swift */ = {isa = PBXFileReference; lastKnownFileType = sourcecode.swift; path = PilloweezCollectionViewCell.swift; sourceTree = "<group>"; };
		52812F4F2ADBDEB3009B3BF4 /* PilloweezCollectionViewCell.xib */ = {isa = PBXFileReference; lastKnownFileType = file.xib; path = PilloweezCollectionViewCell.xib; sourceTree = "<group>"; };
		52812F522ADBDF0D009B3BF4 /* VerticalCollectionViewCell.swift */ = {isa = PBXFileReference; lastKnownFileType = sourcecode.swift; path = VerticalCollectionViewCell.swift; sourceTree = "<group>"; };
		52812F532ADBDF0D009B3BF4 /* VerticalCollectionViewCell.xib */ = {isa = PBXFileReference; lastKnownFileType = file.xib; path = VerticalCollectionViewCell.xib; sourceTree = "<group>"; };
		52A3360D2AB15B9A009D13E0 /* SettingsTableViewController.swift */ = {isa = PBXFileReference; lastKnownFileType = sourcecode.swift; path = SettingsTableViewController.swift; sourceTree = "<group>"; };
		52AA2B922AB0C30B001F72FB /* UnityFramework.framework */ = {isa = PBXFileReference; explicitFileType = wrapper.framework; path = UnityFramework.framework; sourceTree = BUILT_PRODUCTS_DIR; };
		52B7D65F2ADC299800A859E3 /* SDWebImage-master */ = {isa = PBXFileReference; lastKnownFileType = wrapper; name = "SDWebImage-master"; path = "../../Downloads/SDWebImage-master"; sourceTree = "<group>"; };
		52CE82942AE043DC007C93D4 /* Models.swift */ = {isa = PBXFileReference; lastKnownFileType = sourcecode.swift; path = Models.swift; sourceTree = "<group>"; };
		52D196612ADB44B000A86618 /* AuthorityViewController.swift */ = {isa = PBXFileReference; lastKnownFileType = sourcecode.swift; path = AuthorityViewController.swift; sourceTree = "<group>"; };
		8D0AEC652A8AF162000001CA /* DetailViewController.swift */ = {isa = PBXFileReference; lastKnownFileType = sourcecode.swift; path = DetailViewController.swift; sourceTree = "<group>"; };
		8D0AEC6A2A8C969F000001CA /* MyTableVC.swift */ = {isa = PBXFileReference; lastKnownFileType = sourcecode.swift; path = MyTableVC.swift; sourceTree = "<group>"; };
		8D0BD0B92A83809A00156C26 /* SignUpViewController.swift */ = {isa = PBXFileReference; lastKnownFileType = sourcecode.swift; path = SignUpViewController.swift; sourceTree = "<group>"; };
		8D0BD0BB2A8380CB00156C26 /* LoginViewController.swift */ = {isa = PBXFileReference; lastKnownFileType = sourcecode.swift; path = LoginViewController.swift; sourceTree = "<group>"; };
		8D0BD0C32A8385E500156C26 /* UserViewController.swift */ = {isa = PBXFileReference; lastKnownFileType = sourcecode.swift; path = UserViewController.swift; sourceTree = "<group>"; };
		8D0BD0C52A8385F200156C26 /* EmailViewController.swift */ = {isa = PBXFileReference; lastKnownFileType = sourcecode.swift; path = EmailViewController.swift; sourceTree = "<group>"; };
		8D0BD0C72A83860E00156C26 /* PasswordViewController.swift */ = {isa = PBXFileReference; lastKnownFileType = sourcecode.swift; path = PasswordViewController.swift; sourceTree = "<group>"; };
		8D3C27622A838F4300FE6856 /* GoogleService-Info.plist */ = {isa = PBXFileReference; fileEncoding = 4; lastKnownFileType = text.plist.xml; path = "GoogleService-Info.plist"; sourceTree = "<group>"; };
		8D3C27672A83F26500FE6856 /* VertifyViewController.swift */ = {isa = PBXFileReference; lastKnownFileType = sourcecode.swift; path = VertifyViewController.swift; sourceTree = "<group>"; };
		8D8CBFBB2A862BC000FA9EF0 /* Main.storyboard */ = {isa = PBXFileReference; lastKnownFileType = file.storyboard; path = Main.storyboard; sourceTree = "<group>"; };
		8D8CBFC12A8641B300FA9EF0 /* Home.storyboard */ = {isa = PBXFileReference; lastKnownFileType = file.storyboard; path = Home.storyboard; sourceTree = "<group>"; };
		8D8CBFC32A8641C600FA9EF0 /* Mypage.storyboard */ = {isa = PBXFileReference; lastKnownFileType = file.storyboard; path = Mypage.storyboard; sourceTree = "<group>"; };
		8D8CBFC52A86432900FA9EF0 /* Studio.storyboard */ = {isa = PBXFileReference; lastKnownFileType = file.storyboard; path = Studio.storyboard; sourceTree = "<group>"; };
		8DB5181A2A821E5A0045B24B /* purplepillow_last.app */ = {isa = PBXFileReference; explicitFileType = wrapper.application; includeInIndex = 0; path = purplepillow_last.app; sourceTree = BUILT_PRODUCTS_DIR; };
		8DB5181D2A821E5A0045B24B /* AppDelegate.swift */ = {isa = PBXFileReference; lastKnownFileType = sourcecode.swift; path = AppDelegate.swift; sourceTree = "<group>"; };
		8DB5181F2A821E5A0045B24B /* SceneDelegate.swift */ = {isa = PBXFileReference; lastKnownFileType = sourcecode.swift; path = SceneDelegate.swift; sourceTree = "<group>"; };
		8DB518212A821E5A0045B24B /* ViewController.swift */ = {isa = PBXFileReference; lastKnownFileType = sourcecode.swift; path = ViewController.swift; sourceTree = "<group>"; };
		8DB518242A821E5A0045B24B /* Base */ = {isa = PBXFileReference; lastKnownFileType = file.storyboard; name = Base; path = Base.lproj/Register.storyboard; sourceTree = "<group>"; };
		8DB518262A821E5C0045B24B /* Assets.xcassets */ = {isa = PBXFileReference; lastKnownFileType = folder.assetcatalog; path = Assets.xcassets; sourceTree = "<group>"; };
		8DB518292A821E5C0045B24B /* Base */ = {isa = PBXFileReference; lastKnownFileType = file.storyboard; name = Base; path = Base.lproj/LaunchScreen.storyboard; sourceTree = "<group>"; };
		8DB5182B2A821E5C0045B24B /* Info.plist */ = {isa = PBXFileReference; lastKnownFileType = text.plist.xml; path = Info.plist; sourceTree = "<group>"; };
		8DB518302A821E5C0045B24B /* purplepillow_lastTests.xctest */ = {isa = PBXFileReference; explicitFileType = wrapper.cfbundle; includeInIndex = 0; path = purplepillow_lastTests.xctest; sourceTree = BUILT_PRODUCTS_DIR; };
		8DB518342A821E5C0045B24B /* purplepillow_lastTests.swift */ = {isa = PBXFileReference; lastKnownFileType = sourcecode.swift; path = purplepillow_lastTests.swift; sourceTree = "<group>"; };
		8DB5183A2A821E5C0045B24B /* purplepillow_lastUITests.xctest */ = {isa = PBXFileReference; explicitFileType = wrapper.cfbundle; includeInIndex = 0; path = purplepillow_lastUITests.xctest; sourceTree = BUILT_PRODUCTS_DIR; };
		8DB5183E2A821E5C0045B24B /* purplepillow_lastUITests.swift */ = {isa = PBXFileReference; lastKnownFileType = sourcecode.swift; path = purplepillow_lastUITests.swift; sourceTree = "<group>"; };
		8DB518402A821E5C0045B24B /* purplepillow_lastUITestsLaunchTests.swift */ = {isa = PBXFileReference; lastKnownFileType = sourcecode.swift; path = purplepillow_lastUITestsLaunchTests.swift; sourceTree = "<group>"; };
		8DC652AA2A973F8F0062C963 /* HomeViewController.swift */ = {isa = PBXFileReference; lastKnownFileType = sourcecode.swift; path = HomeViewController.swift; sourceTree = "<group>"; };
		8DC652AC2A9743C00062C963 /* ProfileViewController.swift */ = {isa = PBXFileReference; lastKnownFileType = sourcecode.swift; path = ProfileViewController.swift; sourceTree = "<group>"; };
		8DD7BB612A9DF0BC000FA7D4 /* ContentView.swift */ = {isa = PBXFileReference; lastKnownFileType = sourcecode.swift; path = ContentView.swift; sourceTree = "<group>"; };
		8DD7BB632A9DF122000FA7D4 /* StudioViewController.swift */ = {isa = PBXFileReference; lastKnownFileType = sourcecode.swift; path = StudioViewController.swift; sourceTree = "<group>"; };
		8DD7BB652A9DF19C000FA7D4 /* Unity.swift */ = {isa = PBXFileReference; lastKnownFileType = sourcecode.swift; path = Unity.swift; sourceTree = "<group>"; };
		8DD7BB672A9DF3EC000FA7D4 /* UnityFramework.framework */ = {isa = PBXFileReference; explicitFileType = wrapper.framework; path = UnityFramework.framework; sourceTree = BUILT_PRODUCTS_DIR; };
		8DDF6CC72A865190008789C0 /* TitleViewController.swift */ = {isa = PBXFileReference; lastKnownFileType = sourcecode.swift; path = TitleViewController.swift; sourceTree = "<group>"; };
		8DDF6CC92A865279008789C0 /* Group 863.png */ = {isa = PBXFileReference; lastKnownFileType = image.png; path = "Group 863.png"; sourceTree = "<group>"; };
		8DDF6CCB2A870D6B008789C0 /* default_profile.png */ = {isa = PBXFileReference; lastKnownFileType = image.png; path = default_profile.png; sourceTree = "<group>"; };
		8DDF6CCD2A871002008789C0 /* RoundImageView.swift */ = {isa = PBXFileReference; lastKnownFileType = sourcecode.swift; path = RoundImageView.swift; sourceTree = "<group>"; };
		8DEE27952A97460000B1EE65 /* UserProfile.swift */ = {isa = PBXFileReference; lastKnownFileType = sourcecode.swift; path = UserProfile.swift; sourceTree = "<group>"; };
		8DEE9CBC2A8A1F1E00309578 /* Post.swift */ = {isa = PBXFileReference; lastKnownFileType = sourcecode.swift; path = Post.swift; sourceTree = "<group>"; };
/* End PBXFileReference section */

/* Begin PBXFrameworksBuildPhase section */
		8DB518172A821E5A0045B24B /* Frameworks */ = {
			isa = PBXFrameworksBuildPhase;
			buildActionMask = 2147483647;
			files = (
				8DD7BB532A990E78000FA7D4 /* FirebaseDatabaseSwift in Frameworks */,
				8DD7BB4D2A990E78000FA7D4 /* FirebaseAppCheck in Frameworks */,
				8DD7BB4F2A990E78000FA7D4 /* FirebaseAuth in Frameworks */,
				8DD7BB572A990E78000FA7D4 /* FirebaseFirestoreSwift in Frameworks */,
				8DD7BB512A990E78000FA7D4 /* FirebaseDatabase in Frameworks */,
				8DD7BB592A9910CA000FA7D4 /* FirebaseStorage in Frameworks */,
				52B7D6612ADC29B300A859E3 /* SDWebImage in Frameworks */,
				8D0AEC692A8C8EA7000001CA /* PanModal in Frameworks */,
				8DD7BB552A990E78000FA7D4 /* FirebaseFirestore in Frameworks */,
			);
			runOnlyForDeploymentPostprocessing = 0;
		};
		8DB5182D2A821E5C0045B24B /* Frameworks */ = {
			isa = PBXFrameworksBuildPhase;
			buildActionMask = 2147483647;
			files = (
			);
			runOnlyForDeploymentPostprocessing = 0;
		};
		8DB518372A821E5C0045B24B /* Frameworks */ = {
			isa = PBXFrameworksBuildPhase;
			buildActionMask = 2147483647;
			files = (
			);
			runOnlyForDeploymentPostprocessing = 0;
		};
/* End PBXFrameworksBuildPhase section */

/* Begin PBXGroup section */
		5272D1642ADDA7F900887FD0 /* MyPage */ = {
			isa = PBXGroup;
			children = (
				8D8CBFC32A8641C600FA9EF0 /* Mypage.storyboard */,
				8DDF6CC72A865190008789C0 /* TitleViewController.swift */,
				8D0AEC652A8AF162000001CA /* DetailViewController.swift */,
				8D0AEC6A2A8C969F000001CA /* MyTableVC.swift */,
				52A3360D2AB15B9A009D13E0 /* SettingsTableViewController.swift */,
				5272D16F2ADE455D00887FD0 /* PostCell.xib */,
				5272D16E2ADE455D00887FD0 /* PostCollectionViewCell.swift */,
			);
			path = MyPage;
			sourceTree = "<group>";
		};
		52812F472ADBDC6B009B3BF4 /* Home */ = {
			isa = PBXGroup;
			children = (
				52812F4A2ADBDC9F009B3BF4 /* TableViewCell.swift */,
				52812F4B2ADBDC9F009B3BF4 /* TableViewCell.xib */,
				52812F4E2ADBDEB3009B3BF4 /* PilloweezCollectionViewCell.swift */,
				52812F4F2ADBDEB3009B3BF4 /* PilloweezCollectionViewCell.xib */,
				52812F522ADBDF0D009B3BF4 /* VerticalCollectionViewCell.swift */,
				52812F532ADBDF0D009B3BF4 /* VerticalCollectionViewCell.xib */,
				8DC652AA2A973F8F0062C963 /* HomeViewController.swift */,
				8D8CBFC12A8641B300FA9EF0 /* Home.storyboard */,
			);
			path = Home;
			sourceTree = "<group>";
		};
		52B7D65E2ADC299800A859E3 /* Packages */ = {
			isa = PBXGroup;
			children = (
				52B7D65F2ADC299800A859E3 /* SDWebImage-master */,
			);
			name = Packages;
			sourceTree = "<group>";
		};
		52CE82922ADF9EE8007C93D4 /* Register */ = {
			isa = PBXGroup;
			children = (
				8DB518232A821E5A0045B24B /* Register.storyboard */,
				8D0BD0B92A83809A00156C26 /* SignUpViewController.swift */,
				8D0BD0BB2A8380CB00156C26 /* LoginViewController.swift */,
				527D52DE2AD887350084C973 /* AgreeViewController.swift */,
				52D196612ADB44B000A86618 /* AuthorityViewController.swift */,
			);
			path = Register;
			sourceTree = "<group>";
		};
		52CE82932AE041AC007C93D4 /* DataType */ = {
			isa = PBXGroup;
			children = (
				8DEE9CBC2A8A1F1E00309578 /* Post.swift */,
				8DEE27952A97460000B1EE65 /* UserProfile.swift */,
				52CE82942AE043DC007C93D4 /* Models.swift */,
			);
			path = DataType;
			sourceTree = "<group>";
		};
		8D0BD0BF2A83810800156C26 /* View Controllers */ = {
			isa = PBXGroup;
			children = (
				8DB518212A821E5A0045B24B /* ViewController.swift */,
				8D0BD0C32A8385E500156C26 /* UserViewController.swift */,
				8D0BD0C52A8385F200156C26 /* EmailViewController.swift */,
				8D0BD0C72A83860E00156C26 /* PasswordViewController.swift */,
				8D3C27672A83F26500FE6856 /* VertifyViewController.swift */,
				8DC652AC2A9743C00062C963 /* ProfileViewController.swift */,
				5272D1622ADDA2C800887FD0 /* MyCustomTableViewCell.swift */,
			);
			path = "View Controllers";
			sourceTree = "<group>";
		};
		8D8CBFC02A86407B00FA9EF0 /* Storyboard */ = {
			isa = PBXGroup;
			children = (
				8D8CBFBB2A862BC000FA9EF0 /* Main.storyboard */,
				8D8CBFC52A86432900FA9EF0 /* Studio.storyboard */,
			);
			path = Storyboard;
			sourceTree = "<group>";
		};
		8DB518112A821E5A0045B24B = {
			isa = PBXGroup;
			children = (
				52B7D65E2ADC299800A859E3 /* Packages */,
				8DD7BB652A9DF19C000FA7D4 /* Unity.swift */,
				8DD7BB632A9DF122000FA7D4 /* StudioViewController.swift */,
				8DD7BB612A9DF0BC000FA7D4 /* ContentView.swift */,
				8D3C27622A838F4300FE6856 /* GoogleService-Info.plist */,
				8DB5181C2A821E5A0045B24B /* purplepillow_last */,
				8DB518332A821E5C0045B24B /* purplepillow_lastTests */,
				8DB5183D2A821E5C0045B24B /* purplepillow_lastUITests */,
				8DB5181B2A821E5A0045B24B /* Products */,
				8DB518622A8221B00045B24B /* Frameworks */,
			);
			sourceTree = "<group>";
		};
		8DB5181B2A821E5A0045B24B /* Products */ = {
			isa = PBXGroup;
			children = (
				8DB5181A2A821E5A0045B24B /* purplepillow_last.app */,
				8DB518302A821E5C0045B24B /* purplepillow_lastTests.xctest */,
				8DB5183A2A821E5C0045B24B /* purplepillow_lastUITests.xctest */,
			);
			name = Products;
			sourceTree = "<group>";
		};
		8DB5181C2A821E5A0045B24B /* purplepillow_last */ = {
			isa = PBXGroup;
			children = (
				52CE82932AE041AC007C93D4 /* DataType */,
				52CE82922ADF9EE8007C93D4 /* Register */,
				5272D1642ADDA7F900887FD0 /* MyPage */,
				52812F472ADBDC6B009B3BF4 /* Home */,
				8D8CBFC02A86407B00FA9EF0 /* Storyboard */,
				8D0BD0BF2A83810800156C26 /* View Controllers */,
				8DDF6CCF2A87101D008789C0 /* ImageView */,
				8DB5181D2A821E5A0045B24B /* AppDelegate.swift */,
				8DB5181F2A821E5A0045B24B /* SceneDelegate.swift */,
				8DDF6CCB2A870D6B008789C0 /* default_profile.png */,
				8DB518262A821E5C0045B24B /* Assets.xcassets */,
				8DDF6CC92A865279008789C0 /* Group 863.png */,
				8DB518282A821E5C0045B24B /* LaunchScreen.storyboard */,
				8DB5182B2A821E5C0045B24B /* Info.plist */,
				52812F452ADBDBB5009B3BF4 /* HomeTableViewController.swift */,
			);
			path = purplepillow_last;
			sourceTree = "<group>";
		};
		8DB518332A821E5C0045B24B /* purplepillow_lastTests */ = {
			isa = PBXGroup;
			children = (
				8DB518342A821E5C0045B24B /* purplepillow_lastTests.swift */,
			);
			path = purplepillow_lastTests;
			sourceTree = "<group>";
		};
		8DB5183D2A821E5C0045B24B /* purplepillow_lastUITests */ = {
			isa = PBXGroup;
			children = (
				8DB5183E2A821E5C0045B24B /* purplepillow_lastUITests.swift */,
				8DB518402A821E5C0045B24B /* purplepillow_lastUITestsLaunchTests.swift */,
			);
			path = purplepillow_lastUITests;
			sourceTree = "<group>";
		};
		8DB518622A8221B00045B24B /* Frameworks */ = {
			isa = PBXGroup;
			children = (
				52AA2B922AB0C30B001F72FB /* UnityFramework.framework */,
				8DD7BB672A9DF3EC000FA7D4 /* UnityFramework.framework */,
			);
			name = Frameworks;
			sourceTree = "<group>";
		};
		8DDF6CCF2A87101D008789C0 /* ImageView */ = {
			isa = PBXGroup;
			children = (
				8DDF6CCD2A871002008789C0 /* RoundImageView.swift */,
			);
			path = ImageView;
			sourceTree = "<group>";
		};
/* End PBXGroup section */

/* Begin PBXNativeTarget section */
		8DB518192A821E5A0045B24B /* purplepillow_last */ = {
			isa = PBXNativeTarget;
			buildConfigurationList = 8DB518442A821E5C0045B24B /* Build configuration list for PBXNativeTarget "purplepillow_last" */;
			buildPhases = (
				8DB518162A821E5A0045B24B /* Sources */,
				8DB518172A821E5A0045B24B /* Frameworks */,
				8DB518182A821E5A0045B24B /* Resources */,
				52AA2B952AB0C30B001F72FB /* Embed Frameworks */,
			);
			buildRules = (
			);
			dependencies = (
			);
			name = purplepillow_last;
			packageProductDependencies = (
				8D0AEC682A8C8EA7000001CA /* PanModal */,
				8DD7BB4C2A990E78000FA7D4 /* FirebaseAppCheck */,
				8DD7BB4E2A990E78000FA7D4 /* FirebaseAuth */,
				8DD7BB502A990E78000FA7D4 /* FirebaseDatabase */,
				8DD7BB522A990E78000FA7D4 /* FirebaseDatabaseSwift */,
				8DD7BB542A990E78000FA7D4 /* FirebaseFirestore */,
				8DD7BB562A990E78000FA7D4 /* FirebaseFirestoreSwift */,
				8DD7BB582A9910CA000FA7D4 /* FirebaseStorage */,
				52B7D6602ADC29B300A859E3 /* SDWebImage */,
			);
			productName = purplepillow_last;
			productReference = 8DB5181A2A821E5A0045B24B /* purplepillow_last.app */;
			productType = "com.apple.product-type.application";
		};
		8DB5182F2A821E5C0045B24B /* purplepillow_lastTests */ = {
			isa = PBXNativeTarget;
			buildConfigurationList = 8DB518472A821E5C0045B24B /* Build configuration list for PBXNativeTarget "purplepillow_lastTests" */;
			buildPhases = (
				8DB5182C2A821E5C0045B24B /* Sources */,
				8DB5182D2A821E5C0045B24B /* Frameworks */,
				8DB5182E2A821E5C0045B24B /* Resources */,
			);
			buildRules = (
			);
			dependencies = (
				8DB518322A821E5C0045B24B /* PBXTargetDependency */,
			);
			name = purplepillow_lastTests;
			productName = purplepillow_lastTests;
			productReference = 8DB518302A821E5C0045B24B /* purplepillow_lastTests.xctest */;
			productType = "com.apple.product-type.bundle.unit-test";
		};
		8DB518392A821E5C0045B24B /* purplepillow_lastUITests */ = {
			isa = PBXNativeTarget;
			buildConfigurationList = 8DB5184A2A821E5C0045B24B /* Build configuration list for PBXNativeTarget "purplepillow_lastUITests" */;
			buildPhases = (
				8DB518362A821E5C0045B24B /* Sources */,
				8DB518372A821E5C0045B24B /* Frameworks */,
				8DB518382A821E5C0045B24B /* Resources */,
			);
			buildRules = (
			);
			dependencies = (
				8DB5183C2A821E5C0045B24B /* PBXTargetDependency */,
			);
			name = purplepillow_lastUITests;
			productName = purplepillow_lastUITests;
			productReference = 8DB5183A2A821E5C0045B24B /* purplepillow_lastUITests.xctest */;
			productType = "com.apple.product-type.bundle.ui-testing";
		};
/* End PBXNativeTarget section */

/* Begin PBXProject section */
		8DB518122A821E5A0045B24B /* Project object */ = {
			isa = PBXProject;
			attributes = {
				BuildIndependentTargetsInParallel = 1;
				LastSwiftUpdateCheck = 1430;
				LastUpgradeCheck = 1430;
				TargetAttributes = {
					8DB518192A821E5A0045B24B = {
						CreatedOnToolsVersion = 14.3.1;
					};
					8DB5182F2A821E5C0045B24B = {
						CreatedOnToolsVersion = 14.3.1;
						TestTargetID = 8DB518192A821E5A0045B24B;
					};
					8DB518392A821E5C0045B24B = {
						CreatedOnToolsVersion = 14.3.1;
						TestTargetID = 8DB518192A821E5A0045B24B;
					};
				};
			};
			buildConfigurationList = 8DB518152A821E5A0045B24B /* Build configuration list for PBXProject "purplepillow_last" */;
			compatibilityVersion = "Xcode 14.0";
			developmentRegion = en;
			hasScannedForEncodings = 0;
			knownRegions = (
				en,
				Base,
			);
			mainGroup = 8DB518112A821E5A0045B24B;
			packageReferences = (
				8D0AEC672A8C8EA7000001CA /* XCRemoteSwiftPackageReference "PanModal" */,
				8DD7BB4B2A990E78000FA7D4 /* XCRemoteSwiftPackageReference "firebase-ios-sdk" */,
			);
			productRefGroup = 8DB5181B2A821E5A0045B24B /* Products */;
			projectDirPath = "";
			projectRoot = "";
			targets = (
				8DB518192A821E5A0045B24B /* purplepillow_last */,
				8DB5182F2A821E5C0045B24B /* purplepillow_lastTests */,
				8DB518392A821E5C0045B24B /* purplepillow_lastUITests */,
			);
		};
/* End PBXProject section */

/* Begin PBXResourcesBuildPhase section */
		8DB518182A821E5A0045B24B /* Resources */ = {
			isa = PBXResourcesBuildPhase;
			buildActionMask = 2147483647;
			files = (
				8D8CBFC62A86432900FA9EF0 /* Studio.storyboard in Resources */,
				52812F4D2ADBDC9F009B3BF4 /* TableViewCell.xib in Resources */,
				8DB5182A2A821E5C0045B24B /* LaunchScreen.storyboard in Resources */,
				8D8CBFC42A8641C600FA9EF0 /* Mypage.storyboard in Resources */,
				8D3C27632A838F4300FE6856 /* GoogleService-Info.plist in Resources */,
				8DDF6CCA2A865279008789C0 /* Group 863.png in Resources */,
				8DDF6CCC2A870D6B008789C0 /* default_profile.png in Resources */,
				52812F512ADBDEB3009B3BF4 /* PilloweezCollectionViewCell.xib in Resources */,
				52812F552ADBDF0D009B3BF4 /* VerticalCollectionViewCell.xib in Resources */,
				8DB518272A821E5C0045B24B /* Assets.xcassets in Resources */,
				5272D1712ADE455D00887FD0 /* PostCell.xib in Resources */,
				8D8CBFC22A8641B300FA9EF0 /* Home.storyboard in Resources */,
				8DB518252A821E5A0045B24B /* Register.storyboard in Resources */,
				8D8CBFBC2A862BC000FA9EF0 /* Main.storyboard in Resources */,
			);
			runOnlyForDeploymentPostprocessing = 0;
		};
		8DB5182E2A821E5C0045B24B /* Resources */ = {
			isa = PBXResourcesBuildPhase;
			buildActionMask = 2147483647;
			files = (
			);
			runOnlyForDeploymentPostprocessing = 0;
		};
		8DB518382A821E5C0045B24B /* Resources */ = {
			isa = PBXResourcesBuildPhase;
			buildActionMask = 2147483647;
			files = (
			);
			runOnlyForDeploymentPostprocessing = 0;
		};
/* End PBXResourcesBuildPhase section */

/* Begin PBXSourcesBuildPhase section */
		8DB518162A821E5A0045B24B /* Sources */ = {
			isa = PBXSourcesBuildPhase;
			buildActionMask = 2147483647;
			files = (
				52812F462ADBDBB5009B3BF4 /* HomeTableViewController.swift in Sources */,
				8D0BD0C42A8385E500156C26 /* UserViewController.swift in Sources */,
				8DB518222A821E5A0045B24B /* ViewController.swift in Sources */,
				8DB5181E2A821E5A0045B24B /* AppDelegate.swift in Sources */,
				8D0BD0C62A8385F200156C26 /* EmailViewController.swift in Sources */,
				52D196622ADB44B000A86618 /* AuthorityViewController.swift in Sources */,
				8D0BD0BA2A83809A00156C26 /* SignUpViewController.swift in Sources */,
				8DC652AB2A973F8F0062C963 /* HomeViewController.swift in Sources */,
				8DC652AD2A9743C00062C963 /* ProfileViewController.swift in Sources */,
				52CE82952AE043DC007C93D4 /* Models.swift in Sources */,
				8DD7BB622A9DF0BC000FA7D4 /* ContentView.swift in Sources */,
				8DDF6CCE2A871002008789C0 /* RoundImageView.swift in Sources */,
				8D0AEC662A8AF162000001CA /* DetailViewController.swift in Sources */,
				5272D1702ADE455D00887FD0 /* PostCollectionViewCell.swift in Sources */,
				8D0BD0BC2A8380CB00156C26 /* LoginViewController.swift in Sources */,
				8DDF6CC82A865190008789C0 /* TitleViewController.swift in Sources */,
				8DEE9CBD2A8A1F1E00309578 /* Post.swift in Sources */,
				52A3360E2AB15B9A009D13E0 /* SettingsTableViewController.swift in Sources */,
				52812F542ADBDF0D009B3BF4 /* VerticalCollectionViewCell.swift in Sources */,
				8DB518202A821E5A0045B24B /* SceneDelegate.swift in Sources */,
				8D0AEC6B2A8C96A0000001CA /* MyTableVC.swift in Sources */,
				52812F502ADBDEB3009B3BF4 /* PilloweezCollectionViewCell.swift in Sources */,
				8DD7BB642A9DF122000FA7D4 /* StudioViewController.swift in Sources */,
				8D3C27682A83F26500FE6856 /* VertifyViewController.swift in Sources */,
				52812F4C2ADBDC9F009B3BF4 /* TableViewCell.swift in Sources */,
				8D0BD0C82A83860E00156C26 /* PasswordViewController.swift in Sources */,
				8DD7BB662A9DF19C000FA7D4 /* Unity.swift in Sources */,
				8DEE27962A97460000B1EE65 /* UserProfile.swift in Sources */,
				5272D1632ADDA2C800887FD0 /* MyCustomTableViewCell.swift in Sources */,
				527D52DF2AD887350084C973 /* AgreeViewController.swift in Sources */,
			);
			runOnlyForDeploymentPostprocessing = 0;
		};
		8DB5182C2A821E5C0045B24B /* Sources */ = {
			isa = PBXSourcesBuildPhase;
			buildActionMask = 2147483647;
			files = (
				8DB518352A821E5C0045B24B /* purplepillow_lastTests.swift in Sources */,
			);
			runOnlyForDeploymentPostprocessing = 0;
		};
		8DB518362A821E5C0045B24B /* Sources */ = {
			isa = PBXSourcesBuildPhase;
			buildActionMask = 2147483647;
			files = (
				8DB5183F2A821E5C0045B24B /* purplepillow_lastUITests.swift in Sources */,
				8DB518412A821E5C0045B24B /* purplepillow_lastUITestsLaunchTests.swift in Sources */,
			);
			runOnlyForDeploymentPostprocessing = 0;
		};
/* End PBXSourcesBuildPhase section */

/* Begin PBXTargetDependency section */
		8DB518322A821E5C0045B24B /* PBXTargetDependency */ = {
			isa = PBXTargetDependency;
			target = 8DB518192A821E5A0045B24B /* purplepillow_last */;
			targetProxy = 8DB518312A821E5C0045B24B /* PBXContainerItemProxy */;
		};
		8DB5183C2A821E5C0045B24B /* PBXTargetDependency */ = {
			isa = PBXTargetDependency;
			target = 8DB518192A821E5A0045B24B /* purplepillow_last */;
			targetProxy = 8DB5183B2A821E5C0045B24B /* PBXContainerItemProxy */;
		};
/* End PBXTargetDependency section */

/* Begin PBXVariantGroup section */
		8DB518232A821E5A0045B24B /* Register.storyboard */ = {
			isa = PBXVariantGroup;
			children = (
				8DB518242A821E5A0045B24B /* Base */,
			);
			name = Register.storyboard;
			sourceTree = "<group>";
		};
		8DB518282A821E5C0045B24B /* LaunchScreen.storyboard */ = {
			isa = PBXVariantGroup;
			children = (
				8DB518292A821E5C0045B24B /* Base */,
			);
			name = LaunchScreen.storyboard;
			sourceTree = "<group>";
		};
/* End PBXVariantGroup section */

/* Begin XCBuildConfiguration section */
		8DB518422A821E5C0045B24B /* Debug */ = {
			isa = XCBuildConfiguration;
			buildSettings = {
				ALWAYS_SEARCH_USER_PATHS = NO;
				CLANG_ANALYZER_NONNULL = YES;
				CLANG_ANALYZER_NUMBER_OBJECT_CONVERSION = YES_AGGRESSIVE;
				CLANG_CXX_LANGUAGE_STANDARD = "gnu++20";
				CLANG_ENABLE_MODULES = YES;
				CLANG_ENABLE_OBJC_ARC = YES;
				CLANG_ENABLE_OBJC_WEAK = YES;
				CLANG_WARN_BLOCK_CAPTURE_AUTORELEASING = YES;
				CLANG_WARN_BOOL_CONVERSION = YES;
				CLANG_WARN_COMMA = YES;
				CLANG_WARN_CONSTANT_CONVERSION = YES;
				CLANG_WARN_DEPRECATED_OBJC_IMPLEMENTATIONS = YES;
				CLANG_WARN_DIRECT_OBJC_ISA_USAGE = YES_ERROR;
				CLANG_WARN_DOCUMENTATION_COMMENTS = YES;
				CLANG_WARN_EMPTY_BODY = YES;
				CLANG_WARN_ENUM_CONVERSION = YES;
				CLANG_WARN_INFINITE_RECURSION = YES;
				CLANG_WARN_INT_CONVERSION = YES;
				CLANG_WARN_NON_LITERAL_NULL_CONVERSION = YES;
				CLANG_WARN_OBJC_IMPLICIT_RETAIN_SELF = YES;
				CLANG_WARN_OBJC_LITERAL_CONVERSION = YES;
				CLANG_WARN_OBJC_ROOT_CLASS = YES_ERROR;
				CLANG_WARN_QUOTED_INCLUDE_IN_FRAMEWORK_HEADER = YES;
				CLANG_WARN_RANGE_LOOP_ANALYSIS = YES;
				CLANG_WARN_STRICT_PROTOTYPES = YES;
				CLANG_WARN_SUSPICIOUS_MOVE = YES;
				CLANG_WARN_UNGUARDED_AVAILABILITY = YES_AGGRESSIVE;
				CLANG_WARN_UNREACHABLE_CODE = YES;
				CLANG_WARN__DUPLICATE_METHOD_MATCH = YES;
				COPY_PHASE_STRIP = NO;
				DEBUG_INFORMATION_FORMAT = dwarf;
				ENABLE_STRICT_OBJC_MSGSEND = YES;
				ENABLE_TESTABILITY = YES;
				GCC_C_LANGUAGE_STANDARD = gnu11;
				GCC_DYNAMIC_NO_PIC = NO;
				GCC_NO_COMMON_BLOCKS = YES;
				GCC_OPTIMIZATION_LEVEL = 0;
				GCC_PREPROCESSOR_DEFINITIONS = (
					"DEBUG=1",
					"$(inherited)",
				);
				GCC_WARN_64_TO_32_BIT_CONVERSION = YES;
				GCC_WARN_ABOUT_RETURN_TYPE = YES_ERROR;
				GCC_WARN_UNDECLARED_SELECTOR = YES;
				GCC_WARN_UNINITIALIZED_AUTOS = YES_AGGRESSIVE;
				GCC_WARN_UNUSED_FUNCTION = YES;
				GCC_WARN_UNUSED_VARIABLE = YES;
				INFOPLIST_KEY_CFBundleDisplayName = PurplePillow;
				IPHONEOS_DEPLOYMENT_TARGET = 16.4;
				MTL_ENABLE_DEBUG_INFO = INCLUDE_SOURCE;
				MTL_FAST_MATH = YES;
				ONLY_ACTIVE_ARCH = YES;
				SDKROOT = iphoneos;
				SWIFT_ACTIVE_COMPILATION_CONDITIONS = DEBUG;
				SWIFT_OPTIMIZATION_LEVEL = "-Onone";
			};
			name = Debug;
		};
		8DB518432A821E5C0045B24B /* Release */ = {
			isa = XCBuildConfiguration;
			buildSettings = {
				ALWAYS_SEARCH_USER_PATHS = NO;
				CLANG_ANALYZER_NONNULL = YES;
				CLANG_ANALYZER_NUMBER_OBJECT_CONVERSION = YES_AGGRESSIVE;
				CLANG_CXX_LANGUAGE_STANDARD = "gnu++20";
				CLANG_ENABLE_MODULES = YES;
				CLANG_ENABLE_OBJC_ARC = YES;
				CLANG_ENABLE_OBJC_WEAK = YES;
				CLANG_WARN_BLOCK_CAPTURE_AUTORELEASING = YES;
				CLANG_WARN_BOOL_CONVERSION = YES;
				CLANG_WARN_COMMA = YES;
				CLANG_WARN_CONSTANT_CONVERSION = YES;
				CLANG_WARN_DEPRECATED_OBJC_IMPLEMENTATIONS = YES;
				CLANG_WARN_DIRECT_OBJC_ISA_USAGE = YES_ERROR;
				CLANG_WARN_DOCUMENTATION_COMMENTS = YES;
				CLANG_WARN_EMPTY_BODY = YES;
				CLANG_WARN_ENUM_CONVERSION = YES;
				CLANG_WARN_INFINITE_RECURSION = YES;
				CLANG_WARN_INT_CONVERSION = YES;
				CLANG_WARN_NON_LITERAL_NULL_CONVERSION = YES;
				CLANG_WARN_OBJC_IMPLICIT_RETAIN_SELF = YES;
				CLANG_WARN_OBJC_LITERAL_CONVERSION = YES;
				CLANG_WARN_OBJC_ROOT_CLASS = YES_ERROR;
				CLANG_WARN_QUOTED_INCLUDE_IN_FRAMEWORK_HEADER = YES;
				CLANG_WARN_RANGE_LOOP_ANALYSIS = YES;
				CLANG_WARN_STRICT_PROTOTYPES = YES;
				CLANG_WARN_SUSPICIOUS_MOVE = YES;
				CLANG_WARN_UNGUARDED_AVAILABILITY = YES_AGGRESSIVE;
				CLANG_WARN_UNREACHABLE_CODE = YES;
				CLANG_WARN__DUPLICATE_METHOD_MATCH = YES;
				COPY_PHASE_STRIP = NO;
				DEBUG_INFORMATION_FORMAT = "dwarf-with-dsym";
				ENABLE_NS_ASSERTIONS = NO;
				ENABLE_STRICT_OBJC_MSGSEND = YES;
				GCC_C_LANGUAGE_STANDARD = gnu11;
				GCC_NO_COMMON_BLOCKS = YES;
				GCC_WARN_64_TO_32_BIT_CONVERSION = YES;
				GCC_WARN_ABOUT_RETURN_TYPE = YES_ERROR;
				GCC_WARN_UNDECLARED_SELECTOR = YES;
				GCC_WARN_UNINITIALIZED_AUTOS = YES_AGGRESSIVE;
				GCC_WARN_UNUSED_FUNCTION = YES;
				GCC_WARN_UNUSED_VARIABLE = YES;
				INFOPLIST_KEY_CFBundleDisplayName = PurplePillow;
				IPHONEOS_DEPLOYMENT_TARGET = 16.4;
				MTL_ENABLE_DEBUG_INFO = NO;
				MTL_FAST_MATH = YES;
				SDKROOT = iphoneos;
				SWIFT_COMPILATION_MODE = wholemodule;
				SWIFT_OPTIMIZATION_LEVEL = "-O";
				VALIDATE_PRODUCT = YES;
			};
			name = Release;
		};
		8DB518452A821E5C0045B24B /* Debug */ = {
			isa = XCBuildConfiguration;
			buildSettings = {
				ASSETCATALOG_COMPILER_APPICON_NAME = AppIcon;
				ASSETCATALOG_COMPILER_GLOBAL_ACCENT_COLOR_NAME = AccentColor;
				CODE_SIGN_STYLE = Automatic;
				CURRENT_PROJECT_VERSION = 1;
				DEVELOPMENT_TEAM = CTA84UX4A5;
				GENERATE_INFOPLIST_FILE = YES;
				INFOPLIST_FILE = purplepillow_last/Info.plist;
				INFOPLIST_KEY_UIApplicationSupportsIndirectInputEvents = YES;
				INFOPLIST_KEY_UILaunchStoryboardName = LaunchScreen;
				INFOPLIST_KEY_UIMainStoryboardFile = Main;
				INFOPLIST_KEY_UISupportedInterfaceOrientations_iPad = "UIInterfaceOrientationPortrait UIInterfaceOrientationPortraitUpsideDown UIInterfaceOrientationLandscapeLeft UIInterfaceOrientationLandscapeRight";
				INFOPLIST_KEY_UISupportedInterfaceOrientations_iPhone = "UIInterfaceOrientationPortrait UIInterfaceOrientationLandscapeLeft UIInterfaceOrientationLandscapeRight";
				LD_RUNPATH_SEARCH_PATHS = (
					"$(inherited)",
					"@executable_path/Frameworks",
				);
				MARKETING_VERSION = 1.0;
				PRODUCT_BUNDLE_IDENTIFIER = "com.sy.purplepillow-last";
				PRODUCT_NAME = "$(TARGET_NAME)";
				SWIFT_EMIT_LOC_STRINGS = YES;
				SWIFT_VERSION = 5.0;
				TARGETED_DEVICE_FAMILY = "1,2";
			};
			name = Debug;
		};
		8DB518462A821E5C0045B24B /* Release */ = {
			isa = XCBuildConfiguration;
			buildSettings = {
				ASSETCATALOG_COMPILER_APPICON_NAME = AppIcon;
				ASSETCATALOG_COMPILER_GLOBAL_ACCENT_COLOR_NAME = AccentColor;
				CODE_SIGN_STYLE = Automatic;
				CURRENT_PROJECT_VERSION = 1;
				DEVELOPMENT_TEAM = CTA84UX4A5;
				GENERATE_INFOPLIST_FILE = YES;
				INFOPLIST_FILE = purplepillow_last/Info.plist;
				INFOPLIST_KEY_UIApplicationSupportsIndirectInputEvents = YES;
				INFOPLIST_KEY_UILaunchStoryboardName = LaunchScreen;
				INFOPLIST_KEY_UIMainStoryboardFile = Main;
				INFOPLIST_KEY_UISupportedInterfaceOrientations_iPad = "UIInterfaceOrientationPortrait UIInterfaceOrientationPortraitUpsideDown UIInterfaceOrientationLandscapeLeft UIInterfaceOrientationLandscapeRight";
				INFOPLIST_KEY_UISupportedInterfaceOrientations_iPhone = "UIInterfaceOrientationPortrait UIInterfaceOrientationLandscapeLeft UIInterfaceOrientationLandscapeRight";
				LD_RUNPATH_SEARCH_PATHS = (
					"$(inherited)",
					"@executable_path/Frameworks",
				);
				MARKETING_VERSION = 1.0;
				PRODUCT_BUNDLE_IDENTIFIER = "com.sy.purplepillow-last";
				PRODUCT_NAME = "$(TARGET_NAME)";
				SWIFT_EMIT_LOC_STRINGS = YES;
				SWIFT_VERSION = 5.0;
				TARGETED_DEVICE_FAMILY = "1,2";
			};
			name = Release;
		};
		8DB518482A821E5C0045B24B /* Debug */ = {
			isa = XCBuildConfiguration;
			buildSettings = {
				ALWAYS_EMBED_SWIFT_STANDARD_LIBRARIES = YES;
				BUNDLE_LOADER = "$(TEST_HOST)";
				CODE_SIGN_STYLE = Automatic;
				CURRENT_PROJECT_VERSION = 1;
				DEVELOPMENT_TEAM = CTA84UX4A5;
				GENERATE_INFOPLIST_FILE = YES;
				IPHONEOS_DEPLOYMENT_TARGET = 16.4;
				MARKETING_VERSION = 1.0;
				PRODUCT_BUNDLE_IDENTIFIER = "com.sy.purplepillow-lastTests";
				PRODUCT_NAME = "$(TARGET_NAME)";
				SWIFT_EMIT_LOC_STRINGS = NO;
				SWIFT_VERSION = 5.0;
				TARGETED_DEVICE_FAMILY = "1,2";
				TEST_HOST = "$(BUILT_PRODUCTS_DIR)/purplepillow_last.app/$(BUNDLE_EXECUTABLE_FOLDER_PATH)/purplepillow_last";
			};
			name = Debug;
		};
		8DB518492A821E5C0045B24B /* Release */ = {
			isa = XCBuildConfiguration;
			buildSettings = {
				ALWAYS_EMBED_SWIFT_STANDARD_LIBRARIES = YES;
				BUNDLE_LOADER = "$(TEST_HOST)";
				CODE_SIGN_STYLE = Automatic;
				CURRENT_PROJECT_VERSION = 1;
				DEVELOPMENT_TEAM = CTA84UX4A5;
				GENERATE_INFOPLIST_FILE = YES;
				IPHONEOS_DEPLOYMENT_TARGET = 16.4;
				MARKETING_VERSION = 1.0;
				PRODUCT_BUNDLE_IDENTIFIER = "com.sy.purplepillow-lastTests";
				PRODUCT_NAME = "$(TARGET_NAME)";
				SWIFT_EMIT_LOC_STRINGS = NO;
				SWIFT_VERSION = 5.0;
				TARGETED_DEVICE_FAMILY = "1,2";
				TEST_HOST = "$(BUILT_PRODUCTS_DIR)/purplepillow_last.app/$(BUNDLE_EXECUTABLE_FOLDER_PATH)/purplepillow_last";
			};
			name = Release;
		};
		8DB5184B2A821E5C0045B24B /* Debug */ = {
			isa = XCBuildConfiguration;
			buildSettings = {
				ALWAYS_EMBED_SWIFT_STANDARD_LIBRARIES = YES;
				CODE_SIGN_STYLE = Automatic;
				CURRENT_PROJECT_VERSION = 1;
				DEVELOPMENT_TEAM = CTA84UX4A5;
				GENERATE_INFOPLIST_FILE = YES;
				MARKETING_VERSION = 1.0;
				PRODUCT_BUNDLE_IDENTIFIER = "com.sy.purplepillow-lastUITests";
				PRODUCT_NAME = "$(TARGET_NAME)";
				SWIFT_EMIT_LOC_STRINGS = NO;
				SWIFT_VERSION = 5.0;
				TARGETED_DEVICE_FAMILY = "1,2";
				TEST_TARGET_NAME = purplepillow_last;
			};
			name = Debug;
		};
		8DB5184C2A821E5C0045B24B /* Release */ = {
			isa = XCBuildConfiguration;
			buildSettings = {
				ALWAYS_EMBED_SWIFT_STANDARD_LIBRARIES = YES;
				CODE_SIGN_STYLE = Automatic;
				CURRENT_PROJECT_VERSION = 1;
				DEVELOPMENT_TEAM = CTA84UX4A5;
				GENERATE_INFOPLIST_FILE = YES;
				MARKETING_VERSION = 1.0;
				PRODUCT_BUNDLE_IDENTIFIER = "com.sy.purplepillow-lastUITests";
				PRODUCT_NAME = "$(TARGET_NAME)";
				SWIFT_EMIT_LOC_STRINGS = NO;
				SWIFT_VERSION = 5.0;
				TARGETED_DEVICE_FAMILY = "1,2";
				TEST_TARGET_NAME = purplepillow_last;
			};
			name = Release;
		};
/* End XCBuildConfiguration section */

/* Begin XCConfigurationList section */
		8DB518152A821E5A0045B24B /* Build configuration list for PBXProject "purplepillow_last" */ = {
			isa = XCConfigurationList;
			buildConfigurations = (
				8DB518422A821E5C0045B24B /* Debug */,
				8DB518432A821E5C0045B24B /* Release */,
			);
			defaultConfigurationIsVisible = 0;
			defaultConfigurationName = Release;
		};
		8DB518442A821E5C0045B24B /* Build configuration list for PBXNativeTarget "purplepillow_last" */ = {
			isa = XCConfigurationList;
			buildConfigurations = (
				8DB518452A821E5C0045B24B /* Debug */,
				8DB518462A821E5C0045B24B /* Release */,
			);
			defaultConfigurationIsVisible = 0;
			defaultConfigurationName = Release;
		};
		8DB518472A821E5C0045B24B /* Build configuration list for PBXNativeTarget "purplepillow_lastTests" */ = {
			isa = XCConfigurationList;
			buildConfigurations = (
				8DB518482A821E5C0045B24B /* Debug */,
				8DB518492A821E5C0045B24B /* Release */,
			);
			defaultConfigurationIsVisible = 0;
			defaultConfigurationName = Release;
		};
		8DB5184A2A821E5C0045B24B /* Build configuration list for PBXNativeTarget "purplepillow_lastUITests" */ = {
			isa = XCConfigurationList;
			buildConfigurations = (
				8DB5184B2A821E5C0045B24B /* Debug */,
				8DB5184C2A821E5C0045B24B /* Release */,
			);
			defaultConfigurationIsVisible = 0;
			defaultConfigurationName = Release;
		};
/* End XCConfigurationList section */

/* Begin XCRemoteSwiftPackageReference section */
		8D0AEC672A8C8EA7000001CA /* XCRemoteSwiftPackageReference "PanModal" */ = {
			isa = XCRemoteSwiftPackageReference;
			repositoryURL = "https://github.com/slackhq/PanModal.git";
			requirement = {
				kind = upToNextMajorVersion;
				minimumVersion = 1.0.0;
			};
		};
		8DD7BB4B2A990E78000FA7D4 /* XCRemoteSwiftPackageReference "firebase-ios-sdk" */ = {
			isa = XCRemoteSwiftPackageReference;
			repositoryURL = "https://github.com/firebase/firebase-ios-sdk";
			requirement = {
				kind = upToNextMajorVersion;
				minimumVersion = 10.0.0;
			};
		};
/* End XCRemoteSwiftPackageReference section */

/* Begin XCSwiftPackageProductDependency section */
		52B7D6602ADC29B300A859E3 /* SDWebImage */ = {
			isa = XCSwiftPackageProductDependency;
			productName = SDWebImage;
		};
		8D0AEC682A8C8EA7000001CA /* PanModal */ = {
			isa = XCSwiftPackageProductDependency;
			package = 8D0AEC672A8C8EA7000001CA /* XCRemoteSwiftPackageReference "PanModal" */;
			productName = PanModal;
		};
		8DD7BB4C2A990E78000FA7D4 /* FirebaseAppCheck */ = {
			isa = XCSwiftPackageProductDependency;
			package = 8DD7BB4B2A990E78000FA7D4 /* XCRemoteSwiftPackageReference "firebase-ios-sdk" */;
			productName = FirebaseAppCheck;
		};
		8DD7BB4E2A990E78000FA7D4 /* FirebaseAuth */ = {
			isa = XCSwiftPackageProductDependency;
			package = 8DD7BB4B2A990E78000FA7D4 /* XCRemoteSwiftPackageReference "firebase-ios-sdk" */;
			productName = FirebaseAuth;
		};
		8DD7BB502A990E78000FA7D4 /* FirebaseDatabase */ = {
			isa = XCSwiftPackageProductDependency;
			package = 8DD7BB4B2A990E78000FA7D4 /* XCRemoteSwiftPackageReference "firebase-ios-sdk" */;
			productName = FirebaseDatabase;
		};
		8DD7BB522A990E78000FA7D4 /* FirebaseDatabaseSwift */ = {
			isa = XCSwiftPackageProductDependency;
			package = 8DD7BB4B2A990E78000FA7D4 /* XCRemoteSwiftPackageReference "firebase-ios-sdk" */;
			productName = FirebaseDatabaseSwift;
		};
		8DD7BB542A990E78000FA7D4 /* FirebaseFirestore */ = {
			isa = XCSwiftPackageProductDependency;
			package = 8DD7BB4B2A990E78000FA7D4 /* XCRemoteSwiftPackageReference "firebase-ios-sdk" */;
			productName = FirebaseFirestore;
		};
		8DD7BB562A990E78000FA7D4 /* FirebaseFirestoreSwift */ = {
			isa = XCSwiftPackageProductDependency;
			package = 8DD7BB4B2A990E78000FA7D4 /* XCRemoteSwiftPackageReference "firebase-ios-sdk" */;
			productName = FirebaseFirestoreSwift;
		};
		8DD7BB582A9910CA000FA7D4 /* FirebaseStorage */ = {
			isa = XCSwiftPackageProductDependency;
			package = 8DD7BB4B2A990E78000FA7D4 /* XCRemoteSwiftPackageReference "firebase-ios-sdk" */;
			productName = FirebaseStorage;
		};
/* End XCSwiftPackageProductDependency section */
	};
	rootObject = 8DB518122A821E5A0045B24B /* Project object */;
}
